
Microsoft Visual Studio Solution File, Format Version 12.00
# Visual Studio Version 17
VisualStudioVersion = 17.5.002.0
MinimumVisualStudioVersion = 10.0.40219.1
Project("{9A19103F-16F7-4668-BE54-9A1E7A4F7556}") = "Provet Genomgång", "Provet Genomgång.csproj", "{62C63811-8AEF-4EBC-9836-6F77DA9C6E0E}"
EndProject
Global
	GlobalSection(SolutionConfigurationPlatforms) = preSolution
		Debug|Any CPU = Debug|Any CPU
		Release|Any CPU = Release|Any CPU
	EndGlobalSection
	GlobalSection(ProjectConfigurationPlatforms) = postSolution
		{62C63811-8AEF-4EBC-9836-6F77DA9C6E0E}.Debug|Any CPU.ActiveCfg = Debug|Any CPU
		{62C63811-8AEF-4EBC-9836-6F77DA9C6E0E}.Debug|Any CPU.Build.0 = Debug|Any CPU
		{62C63811-8AEF-4EBC-9836-6F77DA9C6E0E}.Release|Any CPU.ActiveCfg = Release|Any CPU
		{62C63811-8AEF-4EBC-9836-6F77DA9C6E0E}.Release|Any CPU.Build.0 = Release|Any CPU
	EndGlobalSection
	GlobalSection(SolutionProperties) = preSolution
		HideSolutionNode = FALSE
	EndGlobalSection
	GlobalSection(ExtensibilityGlobals) = postSolution
		SolutionGuid = {28D61200-E0BC-4072-B27D-3047C1CCFF6A}
	EndGlobalSection
EndGlobal
